PODS:
  - Alamofire (5.0.2)
  - Gloss (3.1.0)
  - IQKeyboardManagerSwift (6.5.5)
  - Realm (4.3.2):
    - Realm/Headers (= 4.3.2)
  - Realm/Headers (4.3.2)
  - RealmSwift (4.3.2):
    - Realm (= 4.3.2)

DEPENDENCIES:
  - Alamofire
  - Gloss
  - IQKeyboardManagerSwift
  - RealmSwift

SPEC REPOS:
  trunk:
    - Alamofire
    - Gloss
    - IQKeyboardManagerSwift
    - Realm
    - RealmSwift

SPEC CHECKSUMS:
  Alamofire: 3ba7a4db18b4f62c4a1c0e1cb39d7f3d52e10ada
  Gloss: 2dbf87af0e4dd24753f7de933356ff6c5c012426
  IQKeyboardManagerSwift: 0fb93310284665245591f50f7a5e38de615960b7
  Realm: 5e92902e2875dff4bb0fd02f67bb737c3d5db2bc
  RealmSwift: 9a360fc7bae04fc2e308a34fbd899d5faa2d6b22

PODFILE CHECKSUM: 7adecb2dcf0c41237c1e1880a86ea3bdf282d38c

COCOAPODS: 1.9.1
